
Microsoft Visual Studio Solution File, Format Version 12.00
# Visual Studio Version 16
VisualStudioVersion = 16.0.31624.102
MinimumVisualStudioVersion = 10.0.40219.1
Project("{9A19103F-16F7-4668-BE54-9A1E7A4F7556}") = "Lootcouncil", "Lootcouncil\Lootcouncil.csproj", "{D3EF4A95-209D-425F-B8DE-C3076F832641}"
EndProject
Global
	GlobalSection(SolutionConfigurationPlatforms) = preSolution
		Debug|Any CPU = Debug|Any CPU
		Release|Any CPU = Release|Any CPU
	EndGlobalSection
	GlobalSection(ProjectConfigurationPlatforms) = postSolution
		{D3EF4A95-209D-425F-B8DE-C3076F832641}.Debug|Any CPU.ActiveCfg = Debug|Any CPU
		{D3EF4A95-209D-425F-B8DE-C3076F832641}.Debug|Any CPU.Build.0 = Debug|Any CPU
		{D3EF4A95-209D-425F-B8DE-C3076F832641}.Release|Any CPU.ActiveCfg = Release|Any CPU
		{D3EF4A95-209D-425F-B8DE-C3076F832641}.Release|Any CPU.Build.0 = Release|Any CPU
	EndGlobalSection
	GlobalSection(SolutionProperties) = preSolution
		HideSolutionNode = FALSE
	EndGlobalSection
	GlobalSection(ExtensibilityGlobals) = postSolution
		SolutionGuid = {6063454D-C404-49A2-B3DB-9DFADF424833}
	EndGlobalSection
EndGlobal
